// !$*UTF8*$!
{
	archiveVersion = 1;
	classes = {
	};
	objectVersion = 50;
	objects = {

/* Begin PBXBuildFile section */
		F685A7DF25ADB227000353D5 /* AppDelegate.swift in Sources */ = {isa = PBXBuildFile; fileRef = F685A7DE25ADB227000353D5 /* AppDelegate.swift */; };
		F685A7E125ADB227000353D5 /* SceneDelegate.swift in Sources */ = {isa = PBXBuildFile; fileRef = F685A7E025ADB227000353D5 /* SceneDelegate.swift */; };
		F685A7E325ADB227000353D5 /* ViewController.swift in Sources */ = {isa = PBXBuildFile; fileRef = F685A7E225ADB227000353D5 /* ViewController.swift */; };
		F685A7E625ADB227000353D5 /* Main.storyboard in Resources */ = {isa = PBXBuildFile; fileRef = F685A7E425ADB227000353D5 /* Main.storyboard */; };
		F685A7E825ADB22B000353D5 /* Assets.xcassets in Resources */ = {isa = PBXBuildFile; fileRef = F685A7E725ADB22B000353D5 /* Assets.xcassets */; };
		F685A7EB25ADB22B000353D5 /* LaunchScreen.storyboard in Resources */ = {isa = PBXBuildFile; fileRef = F685A7E925ADB22B000353D5 /* LaunchScreen.storyboard */; };
		F685A7F625ADB22B000353D5 /* TicTacToeTests.swift in Sources */ = {isa = PBXBuildFile; fileRef = F685A7F525ADB22B000353D5 /* TicTacToeTests.swift */; };
		F685A80125ADB22B000353D5 /* TicTacToeUITests.swift in Sources */ = {isa = PBXBuildFile; fileRef = F685A80025ADB22B000353D5 /* TicTacToeUITests.swift */; };
		F685A81225B06F58000353D5 /* TitleScreenViewController.swift in Sources */ = {isa = PBXBuildFile; fileRef = F685A81125B06F58000353D5 /* TitleScreenViewController.swift */; };
/* End PBXBuildFile section */

/* Begin PBXContainerItemProxy section */
		F685A7F225ADB22B000353D5 /* PBXContainerItemProxy */ = {
			isa = PBXContainerItemProxy;
			containerPortal = F685A7D325ADB227000353D5 /* Project object */;
			proxyType = 1;
			remoteGlobalIDString = F685A7DA25ADB227000353D5;
			remoteInfo = TicTacToe;
		};
		F685A7FD25ADB22B000353D5 /* PBXContainerItemProxy */ = {
			isa = PBXContainerItemProxy;
			containerPortal = F685A7D325ADB227000353D5 /* Project object */;
			proxyType = 1;
			remoteGlobalIDString = F685A7DA25ADB227000353D5;
			remoteInfo = TicTacToe;
		};
/* End PBXContainerItemProxy section */

/* Begin PBXFileReference section */
		F685A7DB25ADB227000353D5 /* TicTacToe.app */ = {isa = PBXFileReference; explicitFileType = wrapper.application; includeInIndex = 0; path = TicTacToe.app; sourceTree = BUILT_PRODUCTS_DIR; };
		F685A7DE25ADB227000353D5 /* AppDelegate.swift */ = {isa = PBXFileReference; lastKnownFileType = sourcecode.swift; path = AppDelegate.swift; sourceTree = "<group>"; };
		F685A7E025ADB227000353D5 /* SceneDelegate.swift */ = {isa = PBXFileReference; lastKnownFileType = sourcecode.swift; path = SceneDelegate.swift; sourceTree = "<group>"; };
		F685A7E225ADB227000353D5 /* ViewController.swift */ = {isa = PBXFileReference; lastKnownFileType = sourcecode.swift; path = ViewController.swift; sourceTree = "<group>"; };
		F685A7E525ADB227000353D5 /* Base */ = {isa = PBXFileReference; lastKnownFileType = file.storyboard; name = Base; path = Base.lproj/Main.storyboard; sourceTree = "<group>"; };
		F685A7E725ADB22B000353D5 /* Assets.xcassets */ = {isa = PBXFileReference; lastKnownFileType = folder.assetcatalog; path = Assets.xcassets; sourceTree = "<group>"; };
		F685A7EA25ADB22B000353D5 /* Base */ = {isa = PBXFileReference; lastKnownFileType = file.storyboard; name = Base; path = Base.lproj/LaunchScreen.storyboard; sourceTree = "<group>"; };
		F685A7EC25ADB22B000353D5 /* Info.plist */ = {isa = PBXFileReference; lastKnownFileType = text.plist.xml; path = Info.plist; sourceTree = "<group>"; };
		F685A7F125ADB22B000353D5 /* TicTacToeTests.xctest */ = {isa = PBXFileReference; explicitFileType = wrapper.cfbundle; includeInIndex = 0; path = TicTacToeTests.xctest; sourceTree = BUILT_PRODUCTS_DIR; };
		F685A7F525ADB22B000353D5 /* TicTacToeTests.swift */ = {isa = PBXFileReference; lastKnownFileType = sourcecode.swift; path = TicTacToeTests.swift; sourceTree = "<group>"; };
		F685A7F725ADB22B000353D5 /* Info.plist */ = {isa = PBXFileReference; lastKnownFileType = text.plist.xml; path = Info.plist; sourceTree = "<group>"; };
		F685A7FC25ADB22B000353D5 /* TicTacToeUITests.xctest */ = {isa = PBXFileReference; explicitFileType = wrapper.cfbundle; includeInIndex = 0; path = TicTacToeUITests.xctest; sourceTree = BUILT_PRODUCTS_DIR; };
		F685A80025ADB22B000353D5 /* TicTacToeUITests.swift */ = {isa = PBXFileReference; lastKnownFileType = sourcecode.swift; path = TicTacToeUITests.swift; sourceTree = "<group>"; };
		F685A80225ADB22B000353D5 /* Info.plist */ = {isa = PBXFileReference; lastKnownFileType = text.plist.xml; path = Info.plist; sourceTree = "<group>"; };
		F685A81125B06F58000353D5 /* TitleScreenViewController.swift */ = {isa = PBXFileReference; lastKnownFileType = sourcecode.swift; path = TitleScreenViewController.swift; sourceTree = "<group>"; };
/* End PBXFileReference section */

/* Begin PBXFrameworksBuildPhase section */
		F685A7D825ADB227000353D5 /* Frameworks */ = {
			isa = PBXFrameworksBuildPhase;
			buildActionMask = 2147483647;
			files = (
			);
			runOnlyForDeploymentPostprocessing = 0;
		};
		F685A7EE25ADB22B000353D5 /* Frameworks */ = {
			isa = PBXFrameworksBuildPhase;
			buildActionMask = 2147483647;
			files = (
			);
			runOnlyForDeploymentPostprocessing = 0;
		};
		F685A7F925ADB22B000353D5 /* Frameworks */ = {
			isa = PBXFrameworksBuildPhase;
			buildActionMask = 2147483647;
			files = (
			);
			runOnlyForDeploymentPostprocessing = 0;
		};
/* End PBXFrameworksBuildPhase section */

/* Begin PBXGroup section */
		F685A7D225ADB227000353D5 = {
			isa = PBXGroup;
			children = (
				F685A7DD25ADB227000353D5 /* TicTacToe */,
				F685A7F425ADB22B000353D5 /* TicTacToeTests */,
				F685A7FF25ADB22B000353D5 /* TicTacToeUITests */,
				F685A7DC25ADB227000353D5 /* Products */,
			);
			sourceTree = "<group>";
		};
		F685A7DC25ADB227000353D5 /* Products */ = {
			isa = PBXGroup;
			children = (
				F685A7DB25ADB227000353D5 /* TicTacToe.app */,
				F685A7F125ADB22B000353D5 /* TicTacToeTests.xctest */,
				F685A7FC25ADB22B000353D5 /* TicTacToeUITests.xctest */,
			);
			name = Products;
			sourceTree = "<group>";
		};
		F685A7DD25ADB227000353D5 /* TicTacToe */ = {
			isa = PBXGroup;
			children = (
				F685A7DE25ADB227000353D5 /* AppDelegate.swift */,
				F685A7E025ADB227000353D5 /* SceneDelegate.swift */,
				F685A7E225ADB227000353D5 /* ViewController.swift */,
				F685A7E425ADB227000353D5 /* Main.storyboard */,
				F685A81125B06F58000353D5 /* TitleScreenViewController.swift */,
				F685A7E725ADB22B000353D5 /* Assets.xcassets */,
				F685A7E925ADB22B000353D5 /* LaunchScreen.storyboard */,
				F685A7EC25ADB22B000353D5 /* Info.plist */,
			);
			path = TicTacToe;
			sourceTree = "<group>";
		};
		F685A7F425ADB22B000353D5 /* TicTacToeTests */ = {
			isa = PBXGroup;
			children = (
				F685A7F525ADB22B000353D5 /* TicTacToeTests.swift */,
				F685A7F725ADB22B000353D5 /* Info.plist */,
			);
			path = TicTacToeTests;
			sourceTree = "<group>";
		};
		F685A7FF25ADB22B000353D5 /* TicTacToeUITests */ = {
			isa = PBXGroup;
			children = (
				F685A80025ADB22B000353D5 /* TicTacToeUITests.swift */,
				F685A80225ADB22B000353D5 /* Info.plist */,
			);
			path = TicTacToeUITests;
			sourceTree = "<group>";
		};
/* End PBXGroup section */

/* Begin PBXNativeTarget section */
		F685A7DA25ADB227000353D5 /* TicTacToe */ = {
			isa = PBXNativeTarget;
			buildConfigurationList = F685A80525ADB22B000353D5 /* Build configuration list for PBXNativeTarget "TicTacToe" */;
			buildPhases = (
				F685A7D725ADB227000353D5 /* Sources */,
				F685A7D825ADB227000353D5 /* Frameworks */,
				F685A7D925ADB227000353D5 /* Resources */,
			);
			buildRules = (
			);
			dependencies = (
			);
			name = TicTacToe;
			productName = TicTacToe;
			productReference = F685A7DB25ADB227000353D5 /* TicTacToe.app */;
			productType = "com.apple.product-type.application";
		};
		F685A7F025ADB22B000353D5 /* TicTacToeTests */ = {
			isa = PBXNativeTarget;
			buildConfigurationList = F685A80825ADB22B000353D5 /* Build configuration list for PBXNativeTarget "TicTacToeTests" */;
			buildPhases = (
				F685A7ED25ADB22B000353D5 /* Sources */,
				F685A7EE25ADB22B000353D5 /* Frameworks */,
				F685A7EF25ADB22B000353D5 /* Resources */,
			);
			buildRules = (
			);
			dependencies = (
				F685A7F325ADB22B000353D5 /* PBXTargetDependency */,
			);
			name = TicTacToeTests;
			productName = TicTacToeTests;
			productReference = F685A7F125ADB22B000353D5 /* TicTacToeTests.xctest */;
			productType = "com.apple.product-type.bundle.unit-test";
		};
		F685A7FB25ADB22B000353D5 /* TicTacToeUITests */ = {
			isa = PBXNativeTarget;
			buildConfigurationList = F685A80B25ADB22B000353D5 /* Build configuration list for PBXNativeTarget "TicTacToeUITests" */;
			buildPhases = (
				F685A7F825ADB22B000353D5 /* Sources */,
				F685A7F925ADB22B000353D5 /* Frameworks */,
				F685A7FA25ADB22B000353D5 /* Resources */,
			);
			buildRules = (
			);
			dependencies = (
				F685A7FE25ADB22B000353D5 /* PBXTargetDependency */,
			);
			name = TicTacToeUITests;
			productName = TicTacToeUITests;
			productReference = F685A7FC25ADB22B000353D5 /* TicTacToeUITests.xctest */;
			productType = "com.apple.product-type.bundle.ui-testing";
		};
/* End PBXNativeTarget section */

/* Begin PBXProject section */
		F685A7D325ADB227000353D5 /* Project object */ = {
			isa = PBXProject;
			attributes = {
				LastSwiftUpdateCheck = 1230;
				LastUpgradeCheck = 1230;
				TargetAttributes = {
					F685A7DA25ADB227000353D5 = {
						CreatedOnToolsVersion = 12.3;
					};
					F685A7F025ADB22B000353D5 = {
						CreatedOnToolsVersion = 12.3;
						TestTargetID = F685A7DA25ADB227000353D5;
					};
					F685A7FB25ADB22B000353D5 = {
						CreatedOnToolsVersion = 12.3;
						TestTargetID = F685A7DA25ADB227000353D5;
					};
				};
			};
			buildConfigurationList = F685A7D625ADB227000353D5 /* Build configuration list for PBXProject "TicTacToe" */;
			compatibilityVersion = "Xcode 9.3";
			developmentRegion = en;
			hasScannedForEncodings = 0;
			knownRegions = (
				en,
				Base,
			);
			mainGroup = F685A7D225ADB227000353D5;
			productRefGroup = F685A7DC25ADB227000353D5 /* Products */;
			projectDirPath = "";
			projectRoot = "";
			targets = (
				F685A7DA25ADB227000353D5 /* TicTacToe */,
				F685A7F025ADB22B000353D5 /* TicTacToeTests */,
				F685A7FB25ADB22B000353D5 /* TicTacToeUITests */,
			);
		};
/* End PBXProject section */

/* Begin PBXResourcesBuildPhase section */
		F685A7D925ADB227000353D5 /* Resources */ = {
			isa = PBXResourcesBuildPhase;
			buildActionMask = 2147483647;
			files = (
				F685A7EB25ADB22B000353D5 /* LaunchScreen.storyboard in Resources */,
				F685A7E825ADB22B000353D5 /* Assets.xcassets in Resources */,
				F685A7E625ADB227000353D5 /* Main.storyboard in Resources */,
			);
			runOnlyForDeploymentPostprocessing = 0;
		};
		F685A7EF25ADB22B000353D5 /* Resources */ = {
			isa = PBXResourcesBuildPhase;
			buildActionMask = 2147483647;
			files = (
			);
			runOnlyForDeploymentPostprocessing = 0;
		};
		F685A7FA25ADB22B000353D5 /* Resources */ = {
			isa = PBXResourcesBuildPhase;
			buildActionMask = 2147483647;
			files = (
			);
			runOnlyForDeploymentPostprocessing = 0;
		};
/* End PBXResourcesBuildPhase section */

/* Begin PBXSourcesBuildPhase section */
		F685A7D725ADB227000353D5 /* Sources */ = {
			isa = PBXSourcesBuildPhase;
			buildActionMask = 2147483647;
			files = (
				F685A7E325ADB227000353D5 /* ViewController.swift in Sources */,
				F685A7DF25ADB227000353D5 /* AppDelegate.swift in Sources */,
				F685A7E125ADB227000353D5 /* SceneDelegate.swift in Sources */,
				F685A81225B06F58000353D5 /* TitleScreenViewController.swift in Sources */,
			);
			runOnlyForDeploymentPostprocessing = 0;
		};
		F685A7ED25ADB22B000353D5 /* Sources */ = {
			isa = PBXSourcesBuildPhase;
			buildActionMask = 2147483647;
			files = (
				F685A7F625ADB22B000353D5 /* TicTacToeTests.swift in Sources */,
			);
			runOnlyForDeploymentPostprocessing = 0;
		};
		F685A7F825ADB22B000353D5 /* Sources */ = {
			isa = PBXSourcesBuildPhase;
			buildActionMask = 2147483647;
			files = (
				F685A80125ADB22B000353D5 /* TicTacToeUITests.swift in Sources */,
			);
			runOnlyForDeploymentPostprocessing = 0;
		};
/* End PBXSourcesBuildPhase section */

/* Begin PBXTargetDependency section */
		F685A7F325ADB22B000353D5 /* PBXTargetDependency */ = {
			isa = PBXTargetDependency;
			target = F685A7DA25ADB227000353D5 /* TicTacToe */;
			targetProxy = F685A7F225ADB22B000353D5 /* PBXContainerItemProxy */;
		};
		F685A7FE25ADB22B000353D5 /* PBXTargetDependency */ = {
			isa = PBXTargetDependency;
			target = F685A7DA25ADB227000353D5 /* TicTacToe */;
			targetProxy = F685A7FD25ADB22B000353D5 /* PBXContainerItemProxy */;
		};
/* End PBXTargetDependency section */

/* Begin PBXVariantGroup section */
		F685A7E425ADB227000353D5 /* Main.storyboard */ = {
			isa = PBXVariantGroup;
			children = (
				F685A7E525ADB227000353D5 /* Base */,
			);
			name = Main.storyboard;
			sourceTree = "<group>";
		};
		F685A7E925ADB22B000353D5 /* LaunchScreen.storyboard */ = {
			isa = PBXVariantGroup;
			children = (
				F685A7EA25ADB22B000353D5 /* Base */,
			);
			name = LaunchScreen.storyboard;
			sourceTree = "<group>";
		};
/* End PBXVariantGroup section */

/* Begin XCBuildConfiguration section */
		F685A80325ADB22B000353D5 /* Debug */ = {
			isa = XCBuildConfiguration;
			buildSettings = {
				ALWAYS_SEARCH_USER_PATHS = NO;
				CLANG_ANALYZER_NONNULL = YES;
				CLANG_ANALYZER_NUMBER_OBJECT_CONVERSION = YES_AGGRESSIVE;
				CLANG_CXX_LANGUAGE_STANDARD = "gnu++14";
				CLANG_CXX_LIBRARY = "libc++";
				CLANG_ENABLE_MODULES = YES;
				CLANG_ENABLE_OBJC_ARC = YES;
				CLANG_ENABLE_OBJC_WEAK = YES;
				CLANG_WARN_BLOCK_CAPTURE_AUTORELEASING = YES;
				CLANG_WARN_BOOL_CONVERSION = YES;
				CLANG_WARN_COMMA = YES;
				CLANG_WARN_CONSTANT_CONVERSION = YES;
				CLANG_WARN_DEPRECATED_OBJC_IMPLEMENTATIONS = YES;
				CLANG_WARN_DIRECT_OBJC_ISA_USAGE = YES_ERROR;
				CLANG_WARN_DOCUMENTATION_COMMENTS = YES;
				CLANG_WARN_EMPTY_BODY = YES;
				CLANG_WARN_ENUM_CONVERSION = YES;
				CLANG_WARN_INFINITE_RECURSION = YES;
				CLANG_WARN_INT_CONVERSION = YES;
				CLANG_WARN_NON_LITERAL_NULL_CONVERSION = YES;
				CLANG_WARN_OBJC_IMPLICIT_RETAIN_SELF = YES;
				CLANG_WARN_OBJC_LITERAL_CONVERSION = YES;
				CLANG_WARN_OBJC_ROOT_CLASS = YES_ERROR;
				CLANG_WARN_QUOTED_INCLUDE_IN_FRAMEWORK_HEADER = YES;
				CLANG_WARN_RANGE_LOOP_ANALYSIS = YES;
				CLANG_WARN_STRICT_PROTOTYPES = YES;
				CLANG_WARN_SUSPICIOUS_MOVE = YES;
				CLANG_WARN_UNGUARDED_AVAILABILITY = YES_AGGRESSIVE;
				CLANG_WARN_UNREACHABLE_CODE = YES;
				CLANG_WARN__DUPLICATE_METHOD_MATCH = YES;
				COPY_PHASE_STRIP = NO;
				DEBUG_INFORMATION_FORMAT = dwarf;
				ENABLE_STRICT_OBJC_MSGSEND = YES;
				ENABLE_TESTABILITY = YES;
				GCC_C_LANGUAGE_STANDARD = gnu11;
				GCC_DYNAMIC_NO_PIC = NO;
				GCC_NO_COMMON_BLOCKS = YES;
				GCC_OPTIMIZATION_LEVEL = 0;
				GCC_PREPROCESSOR_DEFINITIONS = (
					"DEBUG=1",
					"$(inherited)",
				);
				GCC_WARN_64_TO_32_BIT_CONVERSION = YES;
				GCC_WARN_ABOUT_RETURN_TYPE = YES_ERROR;
				GCC_WARN_UNDECLARED_SELECTOR = YES;
				GCC_WARN_UNINITIALIZED_AUTOS = YES_AGGRESSIVE;
				GCC_WARN_UNUSED_FUNCTION = YES;
				GCC_WARN_UNUSED_VARIABLE = YES;
				IPHONEOS_DEPLOYMENT_TARGET = 14.3;
				MTL_ENABLE_DEBUG_INFO = INCLUDE_SOURCE;
				MTL_FAST_MATH = YES;
				ONLY_ACTIVE_ARCH = YES;
				SDKROOT = iphoneos;
				SWIFT_ACTIVE_COMPILATION_CONDITIONS = DEBUG;
				SWIFT_OPTIMIZATION_LEVEL = "-Onone";
			};
			name = Debug;
		};
		F685A80425ADB22B000353D5 /* Release */ = {
			isa = XCBuildConfiguration;
			buildSettings = {
				ALWAYS_SEARCH_USER_PATHS = NO;
				CLANG_ANALYZER_NONNULL = YES;
				CLANG_ANALYZER_NUMBER_OBJECT_CONVERSION = YES_AGGRESSIVE;
				CLANG_CXX_LANGUAGE_STANDARD = "gnu++14";
				CLANG_CXX_LIBRARY = "libc++";
				CLANG_ENABLE_MODULES = YES;
				CLANG_ENABLE_OBJC_ARC = YES;
				CLANG_ENABLE_OBJC_WEAK = YES;
				CLANG_WARN_BLOCK_CAPTURE_AUTORELEASING = YES;
				CLANG_WARN_BOOL_CONVERSION = YES;
				CLANG_WARN_COMMA = YES;
				CLANG_WARN_CONSTANT_CONVERSION = YES;
				CLANG_WARN_DEPRECATED_OBJC_IMPLEMENTATIONS = YES;
				CLANG_WARN_DIRECT_OBJC_ISA_USAGE = YES_ERROR;
				CLANG_WARN_DOCUMENTATION_COMMENTS = YES;
				CLANG_WARN_EMPTY_BODY = YES;
				CLANG_WARN_ENUM_CONVERSION = YES;
				CLANG_WARN_INFINITE_RECURSION = YES;
				CLANG_WARN_INT_CONVERSION = YES;
				CLANG_WARN_NON_LITERAL_NULL_CONVERSION = YES;
				CLANG_WARN_OBJC_IMPLICIT_RETAIN_SELF = YES;
				CLANG_WARN_OBJC_LITERAL_CONVERSION = YES;
				CLANG_WARN_OBJC_ROOT_CLASS = YES_ERROR;
				CLANG_WARN_QUOTED_INCLUDE_IN_FRAMEWORK_HEADER = YES;
				CLANG_WARN_RANGE_LOOP_ANALYSIS = YES;
				CLANG_WARN_STRICT_PROTOTYPES = YES;
				CLANG_WARN_SUSPICIOUS_MOVE = YES;
				CLANG_WARN_UNGUARDED_AVAILABILITY = YES_AGGRESSIVE;
				CLANG_WARN_UNREACHABLE_CODE = YES;
				CLANG_WARN__DUPLICATE_METHOD_MATCH = YES;
				COPY_PHASE_STRIP = NO;
				DEBUG_INFORMATION_FORMAT = "dwarf-with-dsym";
				ENABLE_NS_ASSERTIONS = NO;
				ENABLE_STRICT_OBJC_MSGSEND = YES;
				GCC_C_LANGUAGE_STANDARD = gnu11;
				GCC_NO_COMMON_BLOCKS = YES;
				GCC_WARN_64_TO_32_BIT_CONVERSION = YES;
				GCC_WARN_ABOUT_RETURN_TYPE = YES_ERROR;
				GCC_WARN_UNDECLARED_SELECTOR = YES;
				GCC_WARN_UNINITIALIZED_AUTOS = YES_AGGRESSIVE;
				GCC_WARN_UNUSED_FUNCTION = YES;
				GCC_WARN_UNUSED_VARIABLE = YES;
				IPHONEOS_DEPLOYMENT_TARGET = 14.3;
				MTL_ENABLE_DEBUG_INFO = NO;
				MTL_FAST_MATH = YES;
				SDKROOT = iphoneos;
				SWIFT_COMPILATION_MODE = wholemodule;
				SWIFT_OPTIMIZATION_LEVEL = "-O";
				VALIDATE_PRODUCT = YES;
			};
			name = Release;
		};
		F685A80625ADB22B000353D5 /* Debug */ = {
			isa = XCBuildConfiguration;
			buildSettings = {
				ASSETCATALOG_COMPILER_APPICON_NAME = AppIcon;
				ASSETCATALOG_COMPILER_GLOBAL_ACCENT_COLOR_NAME = AccentColor;
				CODE_SIGN_STYLE = Automatic;
				INFOPLIST_FILE = TicTacToe/Info.plist;
				LD_RUNPATH_SEARCH_PATHS = (
					"$(inherited)",
					"@executable_path/Frameworks",
				);
				PRODUCT_BUNDLE_IDENTIFIER = None.TicTacToe;
				PRODUCT_NAME = "$(TARGET_NAME)";
				SWIFT_VERSION = 5.0;
				TARGETED_DEVICE_FAMILY = "1,2";
			};
			name = Debug;
		};
		F685A80725ADB22B000353D5 /* Release */ = {
			isa = XCBuildConfiguration;
			buildSettings = {
				ASSETCATALOG_COMPILER_APPICON_NAME = AppIcon;
				ASSETCATALOG_COMPILER_GLOBAL_ACCENT_COLOR_NAME = AccentColor;
				CODE_SIGN_STYLE = Automatic;
				INFOPLIST_FILE = TicTacToe/Info.plist;
				LD_RUNPATH_SEARCH_PATHS = (
					"$(inherited)",
					"@executable_path/Frameworks",
				);
				PRODUCT_BUNDLE_IDENTIFIER = None.TicTacToe;
				PRODUCT_NAME = "$(TARGET_NAME)";
				SWIFT_VERSION = 5.0;
				TARGETED_DEVICE_FAMILY = "1,2";
			};
			name = Release;
		};
		F685A80925ADB22B000353D5 /* Debug */ = {
			isa = XCBuildConfiguration;
			buildSettings = {
				ALWAYS_EMBED_SWIFT_STANDARD_LIBRARIES = YES;
				BUNDLE_LOADER = "$(TEST_HOST)";
				CODE_SIGN_STYLE = Automatic;
				INFOPLIST_FILE = TicTacToeTests/Info.plist;
				IPHONEOS_DEPLOYMENT_TARGET = 14.3;
				LD_RUNPATH_SEARCH_PATHS = (
					"$(inherited)",
					"@executable_path/Frameworks",
					"@loader_path/Frameworks",
				);
				PRODUCT_BUNDLE_IDENTIFIER = None.TicTacToeTests;
				PRODUCT_NAME = "$(TARGET_NAME)";
				SWIFT_VERSION = 5.0;
				TARGETED_DEVICE_FAMILY = "1,2";
				TEST_HOST = "$(BUILT_PRODUCTS_DIR)/TicTacToe.app/TicTacToe";
			};
			name = Debug;
		};
		F685A80A25ADB22B000353D5 /* Release */ = {
			isa = XCBuildConfiguration;
			buildSettings = {
				ALWAYS_EMBED_SWIFT_STANDARD_LIBRARIES = YES;
				BUNDLE_LOADER = "$(TEST_HOST)";
				CODE_SIGN_STYLE = Automatic;
				INFOPLIST_FILE = TicTacToeTests/Info.plist;
				IPHONEOS_DEPLOYMENT_TARGET = 14.3;
				LD_RUNPATH_SEARCH_PATHS = (
					"$(inherited)",
					"@executable_path/Frameworks",
					"@loader_path/Frameworks",
				);
				PRODUCT_BUNDLE_IDENTIFIER = None.TicTacToeTests;
				PRODUCT_NAME = "$(TARGET_NAME)";
				SWIFT_VERSION = 5.0;
				TARGETED_DEVICE_FAMILY = "1,2";
				TEST_HOST = "$(BUILT_PRODUCTS_DIR)/TicTacToe.app/TicTacToe";
			};
			name = Release;
		};
		F685A80C25ADB22B000353D5 /* Debug */ = {
			isa = XCBuildConfiguration;
			buildSettings = {
				ALWAYS_EMBED_SWIFT_STANDARD_LIBRARIES = YES;
				CODE_SIGN_STYLE = Automatic;
				INFOPLIST_FILE = TicTacToeUITests/Info.plist;
				LD_RUNPATH_SEARCH_PATHS = (
					"$(inherited)",
					"@executable_path/Frameworks",
					"@loader_path/Frameworks",
				);
				PRODUCT_BUNDLE_IDENTIFIER = None.TicTacToeUITests;
				PRODUCT_NAME = "$(TARGET_NAME)";
				SWIFT_VERSION = 5.0;
				TARGETED_DEVICE_FAMILY = "1,2";
				TEST_TARGET_NAME = TicTacToe;
			};
			name = Debug;
		};
		F685A80D25ADB22B000353D5 /* Release */ = {
			isa = XCBuildConfiguration;
			buildSettings = {
				ALWAYS_EMBED_SWIFT_STANDARD_LIBRARIES = YES;
				CODE_SIGN_STYLE = Automatic;
				INFOPLIST_FILE = TicTacToeUITests/Info.plist;
				LD_RUNPATH_SEARCH_PATHS = (
					"$(inherited)",
					"@executable_path/Frameworks",
					"@loader_path/Frameworks",
				);
				PRODUCT_BUNDLE_IDENTIFIER = None.TicTacToeUITests;
				PRODUCT_NAME = "$(TARGET_NAME)";
				SWIFT_VERSION = 5.0;
				TARGETED_DEVICE_FAMILY = "1,2";
				TEST_TARGET_NAME = TicTacToe;
			};
			name = Release;
		};
/* End XCBuildConfiguration section */

/* Begin XCConfigurationList section */
		F685A7D625ADB227000353D5 /* Build configuration list for PBXProject "TicTacToe" */ = {
			isa = XCConfigurationList;
			buildConfigurations = (
				F685A80325ADB22B000353D5 /* Debug */,
				F685A80425ADB22B000353D5 /* Release */,
			);
			defaultConfigurationIsVisible = 0;
			defaultConfigurationName = Release;
		};
		F685A80525ADB22B000353D5 /* Build configuration list for PBXNativeTarget "TicTacToe" */ = {
			isa = XCConfigurationList;
			buildConfigurations = (
				F685A80625ADB22B000353D5 /* Debug */,
				F685A80725ADB22B000353D5 /* Release */,
			);
			defaultConfigurationIsVisible = 0;
			defaultConfigurationName = Release;
		};
		F685A80825ADB22B000353D5 /* Build configuration list for PBXNativeTarget "TicTacToeTests" */ = {
			isa = XCConfigurationList;
			buildConfigurations = (
				F685A80925ADB22B000353D5 /* Debug */,
				F685A80A25ADB22B000353D5 /* Release */,
			);
			defaultConfigurationIsVisible = 0;
			defaultConfigurationName = Release;
		};
		F685A80B25ADB22B000353D5 /* Build configuration list for PBXNativeTarget "TicTacToeUITests" */ = {
			isa = XCConfigurationList;
			buildConfigurations = (
				F685A80C25ADB22B000353D5 /* Debug */,
				F685A80D25ADB22B000353D5 /* Release */,
			);
			defaultConfigurationIsVisible = 0;
			defaultConfigurationName = Release;
		};
/* End XCConfigurationList section */
	};
	rootObject = F685A7D325ADB227000353D5 /* Project object */;
}
